// !$*UTF8*$!
{
	archiveVersion = 1;
	classes = {
	};
	objectVersion = 50;
	objects = {

/* Begin PBXBuildFile section */
		205996B720F5EBE70017AE9E /* AppDelegate.swift in Sources */ = {isa = PBXBuildFile; fileRef = 205996B620F5EBE70017AE9E /* AppDelegate.swift */; };
		205996BC20F5EBE70017AE9E /* Main.storyboard in Resources */ = {isa = PBXBuildFile; fileRef = 205996BA20F5EBE70017AE9E /* Main.storyboard */; };
		205996BF20F5EBE70017AE9E /* BuzzNativeSample.xcdatamodeld in Sources */ = {isa = PBXBuildFile; fileRef = 205996BD20F5EBE70017AE9E /* BuzzNativeSample.xcdatamodeld */; };
		205996C120F5EBE90017AE9E /* Assets.xcassets in Resources */ = {isa = PBXBuildFile; fileRef = 205996C020F5EBE90017AE9E /* Assets.xcassets */; };
		205996C420F5EBE90017AE9E /* LaunchScreen.storyboard in Resources */ = {isa = PBXBuildFile; fileRef = 205996C220F5EBE90017AE9E /* LaunchScreen.storyboard */; };
		E2895B612122C9E10062B02B /* Images.xcassets in Resources */ = {isa = PBXBuildFile; fileRef = E2895B602122C9E10062B02B /* Images.xcassets */; };
		E298C1BB21218B6700C3C450 /* CustomTableViewCell.swift in Sources */ = {isa = PBXBuildFile; fileRef = E298C1B421218B6600C3C450 /* CustomTableViewCell.swift */; };
		E298C1BD21218B6700C3C450 /* SecondADViewController.swift in Sources */ = {isa = PBXBuildFile; fileRef = E298C1B621218B6600C3C450 /* SecondADViewController.swift */; };
		E298C1BE21218B6700C3C450 /* GenderSelectorViewController.swift in Sources */ = {isa = PBXBuildFile; fileRef = E298C1B721218B6600C3C450 /* GenderSelectorViewController.swift */; };
		E298C1BF21218B6700C3C450 /* FirstADViewController.swift in Sources */ = {isa = PBXBuildFile; fileRef = E298C1B821218B6700C3C450 /* FirstADViewController.swift */; };
		E298C1C021218B6700C3C450 /* DateSelectorViewController.swift in Sources */ = {isa = PBXBuildFile; fileRef = E298C1B921218B6700C3C450 /* DateSelectorViewController.swift */; };
		E298C1C22122983200C3C450 /* backgroundImg.png in Resources */ = {isa = PBXBuildFile; fileRef = E298C1C12122983200C3C450 /* backgroundImg.png */; };
		FB697887692B0FE40503ECD6 /* Pods_BAROSample.framework in Frameworks */ = {isa = PBXBuildFile; fileRef = 1AE245BA05822D384716598F /* Pods_BAROSample.framework */; };
/* End PBXBuildFile section */

/* Begin PBXFileReference section */
		07787ADBF40B832A2EC476C3 /* Pods-BAROSample.release.xcconfig */ = {isa = PBXFileReference; includeInIndex = 1; lastKnownFileType = text.xcconfig; name = "Pods-BAROSample.release.xcconfig"; path = "Pods/Target Support Files/Pods-BAROSample/Pods-BAROSample.release.xcconfig"; sourceTree = "<group>"; };
		1AE245BA05822D384716598F /* Pods_BAROSample.framework */ = {isa = PBXFileReference; explicitFileType = wrapper.framework; includeInIndex = 0; path = Pods_BAROSample.framework; sourceTree = BUILT_PRODUCTS_DIR; };
		205996B320F5EBE70017AE9E /* BAROSample.app */ = {isa = PBXFileReference; explicitFileType = wrapper.application; includeInIndex = 0; path = BAROSample.app; sourceTree = BUILT_PRODUCTS_DIR; };
		205996B620F5EBE70017AE9E /* AppDelegate.swift */ = {isa = PBXFileReference; lastKnownFileType = sourcecode.swift; path = AppDelegate.swift; sourceTree = "<group>"; };
		205996BB20F5EBE70017AE9E /* Base */ = {isa = PBXFileReference; lastKnownFileType = file.storyboard; name = Base; path = Base.lproj/Main.storyboard; sourceTree = "<group>"; };
		205996BE20F5EBE70017AE9E /* BuzzNativeSample.xcdatamodel */ = {isa = PBXFileReference; lastKnownFileType = wrapper.xcdatamodel; path = BuzzNativeSample.xcdatamodel; sourceTree = "<group>"; };
		205996C020F5EBE90017AE9E /* Assets.xcassets */ = {isa = PBXFileReference; lastKnownFileType = folder.assetcatalog; path = Assets.xcassets; sourceTree = "<group>"; };
		205996C320F5EBE90017AE9E /* Base */ = {isa = PBXFileReference; lastKnownFileType = file.storyboard; name = Base; path = Base.lproj/LaunchScreen.storyboard; sourceTree = "<group>"; };
		205996C520F5EBE90017AE9E /* Info.plist */ = {isa = PBXFileReference; lastKnownFileType = text.plist.xml; path = Info.plist; sourceTree = "<group>"; };
		41DAFF8C603FA530F87EFEF8 /* Pods-BAROSample.debug.xcconfig */ = {isa = PBXFileReference; includeInIndex = 1; lastKnownFileType = text.xcconfig; name = "Pods-BAROSample.debug.xcconfig"; path = "Pods/Target Support Files/Pods-BAROSample/Pods-BAROSample.debug.xcconfig"; sourceTree = "<group>"; };
		C47C5ED6217998810081C511 /* BuzzNative.framework */ = {isa = PBXFileReference; lastKnownFileType = wrapper.framework; name = BuzzNative.framework; path = ../BuzzNative.framework; sourceTree = "<group>"; };
		C4B69AF2219D549F004059E7 /* Podfile */ = {isa = PBXFileReference; lastKnownFileType = text; path = Podfile; sourceTree = "<group>"; xcLanguageSpecificationIdentifier = xcode.lang.ruby; };
		E2895B602122C9E10062B02B /* Images.xcassets */ = {isa = PBXFileReference; lastKnownFileType = folder.assetcatalog; path = Images.xcassets; sourceTree = "<group>"; };
		E298C1B421218B6600C3C450 /* CustomTableViewCell.swift */ = {isa = PBXFileReference; fileEncoding = 4; lastKnownFileType = sourcecode.swift; path = CustomTableViewCell.swift; sourceTree = "<group>"; };
		E298C1B621218B6600C3C450 /* SecondADViewController.swift */ = {isa = PBXFileReference; fileEncoding = 4; lastKnownFileType = sourcecode.swift; path = SecondADViewController.swift; sourceTree = "<group>"; };
		E298C1B721218B6600C3C450 /* GenderSelectorViewController.swift */ = {isa = PBXFileReference; fileEncoding = 4; lastKnownFileType = sourcecode.swift; path = GenderSelectorViewController.swift; sourceTree = "<group>"; };
		E298C1B821218B6700C3C450 /* FirstADViewController.swift */ = {isa = PBXFileReference; fileEncoding = 4; lastKnownFileType = sourcecode.swift; path = FirstADViewController.swift; sourceTree = "<group>"; };
		E298C1B921218B6700C3C450 /* DateSelectorViewController.swift */ = {isa = PBXFileReference; fileEncoding = 4; lastKnownFileType = sourcecode.swift; path = DateSelectorViewController.swift; sourceTree = "<group>"; };
		E298C1C12122983200C3C450 /* backgroundImg.png */ = {isa = PBXFileReference; lastKnownFileType = image.png; path = backgroundImg.png; sourceTree = "<group>"; };
/* End PBXFileReference section */

/* Begin PBXFrameworksBuildPhase section */
		205996B020F5EBE70017AE9E /* Frameworks */ = {
			isa = PBXFrameworksBuildPhase;
			buildActionMask = 2147483647;
			files = (
				FB697887692B0FE40503ECD6 /* Pods_BAROSample.framework in Frameworks */,
			);
			runOnlyForDeploymentPostprocessing = 0;
		};
/* End PBXFrameworksBuildPhase section */

/* Begin PBXGroup section */
		205996AA20F5EBE70017AE9E = {
			isa = PBXGroup;
			children = (
				C4B69AF2219D549F004059E7 /* Podfile */,
				205996B520F5EBE70017AE9E /* BAROSample */,
				205996B420F5EBE70017AE9E /* Products */,
				2073A89820F60914007B97B2 /* Frameworks */,
				32BFBC3F7440704E2B26BE50 /* Pods */,
			);
			indentWidth = 2;
			sourceTree = "<group>";
			tabWidth = 2;
		};
		205996B420F5EBE70017AE9E /* Products */ = {
			isa = PBXGroup;
			children = (
				205996B320F5EBE70017AE9E /* BAROSample.app */,
			);
			name = Products;
			sourceTree = "<group>";
		};
		205996B520F5EBE70017AE9E /* BAROSample */ = {
			isa = PBXGroup;
			children = (
				E298C1C12122983200C3C450 /* backgroundImg.png */,
				E298C1B421218B6600C3C450 /* CustomTableViewCell.swift */,
				E298C1B921218B6700C3C450 /* DateSelectorViewController.swift */,
				E298C1B821218B6700C3C450 /* FirstADViewController.swift */,
				E298C1B721218B6600C3C450 /* GenderSelectorViewController.swift */,
				E298C1B621218B6600C3C450 /* SecondADViewController.swift */,
				205996B620F5EBE70017AE9E /* AppDelegate.swift */,
				205996BA20F5EBE70017AE9E /* Main.storyboard */,
				205996C020F5EBE90017AE9E /* Assets.xcassets */,
				205996C220F5EBE90017AE9E /* LaunchScreen.storyboard */,
				205996C520F5EBE90017AE9E /* Info.plist */,
				205996BD20F5EBE70017AE9E /* BuzzNativeSample.xcdatamodeld */,
				E2895B602122C9E10062B02B /* Images.xcassets */,
			);
			path = BAROSample;
			sourceTree = "<group>";
		};
		2073A89820F60914007B97B2 /* Frameworks */ = {
			isa = PBXGroup;
			children = (
				C47C5ED6217998810081C511 /* BuzzNative.framework */,
				1AE245BA05822D384716598F /* Pods_BAROSample.framework */,
			);
			name = Frameworks;
			sourceTree = "<group>";
		};
		32BFBC3F7440704E2B26BE50 /* Pods */ = {
			isa = PBXGroup;
			children = (
				41DAFF8C603FA530F87EFEF8 /* Pods-BAROSample.debug.xcconfig */,
				07787ADBF40B832A2EC476C3 /* Pods-BAROSample.release.xcconfig */,
			);
			name = Pods;
			sourceTree = "<group>";
		};
/* End PBXGroup section */

/* Begin PBXNativeTarget section */
		205996B220F5EBE70017AE9E /* BAROSample */ = {
			isa = PBXNativeTarget;
			buildConfigurationList = 205996C820F5EBE90017AE9E /* Build configuration list for PBXNativeTarget "BAROSample" */;
			buildPhases = (
				E5ED2D56E7F9B8460CFDAE5A /* [CP] Check Pods Manifest.lock */,
				205996AF20F5EBE70017AE9E /* Sources */,
				205996B020F5EBE70017AE9E /* Frameworks */,
				205996B120F5EBE70017AE9E /* Resources */,
				AE0A500CCD1CAD2356F04184 /* [CP] Embed Pods Frameworks */,
				A255E51BD321EC03ABC015C1 /* [CP] Copy Pods Resources */,
			);
			buildRules = (
			);
			dependencies = (
			);
			name = BAROSample;
			productName = BuzzNativeSample;
			productReference = 205996B320F5EBE70017AE9E /* BAROSample.app */;
			productType = "com.apple.product-type.application";
		};
/* End PBXNativeTarget section */

/* Begin PBXProject section */
		205996AB20F5EBE70017AE9E /* Project object */ = {
			isa = PBXProject;
			attributes = {
				LastSwiftUpdateCheck = 0930;
				LastUpgradeCheck = 0930;
				ORGANIZATIONNAME = Buzzvil;
				TargetAttributes = {
					205996B220F5EBE70017AE9E = {
						CreatedOnToolsVersion = 9.3;
					};
				};
			};
			buildConfigurationList = 205996AE20F5EBE70017AE9E /* Build configuration list for PBXProject "BAROSample" */;
			compatibilityVersion = "Xcode 9.3";
			developmentRegion = en;
			hasScannedForEncodings = 0;
			knownRegions = (
				en,
				Base,
			);
			mainGroup = 205996AA20F5EBE70017AE9E;
			productRefGroup = 205996B420F5EBE70017AE9E /* Products */;
			projectDirPath = "";
			projectRoot = "";
			targets = (
				205996B220F5EBE70017AE9E /* BAROSample */,
			);
		};
/* End PBXProject section */

/* Begin PBXResourcesBuildPhase section */
		205996B120F5EBE70017AE9E /* Resources */ = {
			isa = PBXResourcesBuildPhase;
			buildActionMask = 2147483647;
			files = (
				205996C420F5EBE90017AE9E /* LaunchScreen.storyboard in Resources */,
				E298C1C22122983200C3C450 /* backgroundImg.png in Resources */,
				205996C120F5EBE90017AE9E /* Assets.xcassets in Resources */,
				E2895B612122C9E10062B02B /* Images.xcassets in Resources */,
				205996BC20F5EBE70017AE9E /* Main.storyboard in Resources */,
			);
			runOnlyForDeploymentPostprocessing = 0;
		};
/* End PBXResourcesBuildPhase section */

/* Begin PBXShellScriptBuildPhase section */
		A255E51BD321EC03ABC015C1 /* [CP] Copy Pods Resources */ = {
			isa = PBXShellScriptBuildPhase;
			buildActionMask = 2147483647;
			files = (
			);
			inputPaths = (
			);
			name = "[CP] Copy Pods Resources";
			outputPaths = (
			);
			runOnlyForDeploymentPostprocessing = 0;
			shellPath = /bin/sh;
			shellScript = "\"${SRCROOT}/Pods/Target Support Files/Pods-BAROSample/Pods-BAROSample-resources.sh\"\n";
			showEnvVarsInLog = 0;
		};
		AE0A500CCD1CAD2356F04184 /* [CP] Embed Pods Frameworks */ = {
			isa = PBXShellScriptBuildPhase;
			buildActionMask = 2147483647;
			files = (
			);
			inputPaths = (
				"${SRCROOT}/Pods/Target Support Files/Pods-BAROSample/Pods-BAROSample-frameworks.sh",
				"${BUILT_PRODUCTS_DIR}/Alamofire/Alamofire.framework",
				"${PODS_ROOT}/BARO/BARO.framework",
				"${PODS_ROOT}/BARO/BAROAdmobMediation.framework",
				"${PODS_ROOT}/BARO/BAROBaiduMediation.framework",
				"${PODS_ROOT}/BARO/BAROMopubMediation.framework",
				"${BUILT_PRODUCTS_DIR}/Kingfisher/Kingfisher.framework",
				"${BUILT_PRODUCTS_DIR}/SwiftyJSON/SwiftyJSON.framework",
				"${BUILT_PRODUCTS_DIR}/Toast-Swift/Toast_Swift.framework",
				"${BUILT_PRODUCTS_DIR}/mopub-ios-sdk/MoPub.framework",
			);
			name = "[CP] Embed Pods Frameworks";
			outputPaths = (
				"${TARGET_BUILD_DIR}/${FRAMEWORKS_FOLDER_PATH}/Alamofire.framework",
				"${TARGET_BUILD_DIR}/${FRAMEWORKS_FOLDER_PATH}/BARO.framework",
				"${TARGET_BUILD_DIR}/${FRAMEWORKS_FOLDER_PATH}/BAROAdmobMediation.framework",
				"${TARGET_BUILD_DIR}/${FRAMEWORKS_FOLDER_PATH}/BAROBaiduMediation.framework",
				"${TARGET_BUILD_DIR}/${FRAMEWORKS_FOLDER_PATH}/BAROMopubMediation.framework",
				"${TARGET_BUILD_DIR}/${FRAMEWORKS_FOLDER_PATH}/Kingfisher.framework",
				"${TARGET_BUILD_DIR}/${FRAMEWORKS_FOLDER_PATH}/SwiftyJSON.framework",
				"${TARGET_BUILD_DIR}/${FRAMEWORKS_FOLDER_PATH}/Toast_Swift.framework",
				"${TARGET_BUILD_DIR}/${FRAMEWORKS_FOLDER_PATH}/MoPub.framework",
			);
			runOnlyForDeploymentPostprocessing = 0;
			shellPath = /bin/sh;
			shellScript = "\"${SRCROOT}/Pods/Target Support Files/Pods-BAROSample/Pods-BAROSample-frameworks.sh\"\n";
			showEnvVarsInLog = 0;
		};
		E5ED2D56E7F9B8460CFDAE5A /* [CP] Check Pods Manifest.lock */ = {
			isa = PBXShellScriptBuildPhase;
			buildActionMask = 2147483647;
			files = (
			);
			inputPaths = (
				"${PODS_PODFILE_DIR_PATH}/Podfile.lock",
				"${PODS_ROOT}/Manifest.lock",
			);
			name = "[CP] Check Pods Manifest.lock";
			outputPaths = (
				"$(DERIVED_FILE_DIR)/Pods-BAROSample-checkManifestLockResult.txt",
			);
			runOnlyForDeploymentPostprocessing = 0;
			shellPath = /bin/sh;
			shellScript = "diff \"${PODS_PODFILE_DIR_PATH}/Podfile.lock\" \"${PODS_ROOT}/Manifest.lock\" > /dev/null\nif [ $? != 0 ] ; then\n    # print error to STDERR\n    echo \"error: The sandbox is not in sync with the Podfile.lock. Run 'pod install' or update your CocoaPods installation.\" >&2\n    exit 1\nfi\n# This output is used by Xcode 'outputs' to avoid re-running this script phase.\necho \"SUCCESS\" > \"${SCRIPT_OUTPUT_FILE_0}\"\n";
			showEnvVarsInLog = 0;
		};
/* End PBXShellScriptBuildPhase section */

/* Begin PBXSourcesBuildPhase section */
		205996AF20F5EBE70017AE9E /* Sources */ = {
			isa = PBXSourcesBuildPhase;
			buildActionMask = 2147483647;
			files = (
				205996BF20F5EBE70017AE9E /* BuzzNativeSample.xcdatamodeld in Sources */,
				E298C1C021218B6700C3C450 /* DateSelectorViewController.swift in Sources */,
				E298C1BF21218B6700C3C450 /* FirstADViewController.swift in Sources */,
				E298C1BB21218B6700C3C450 /* CustomTableViewCell.swift in Sources */,
				205996B720F5EBE70017AE9E /* AppDelegate.swift in Sources */,
				E298C1BD21218B6700C3C450 /* SecondADViewController.swift in Sources */,
				E298C1BE21218B6700C3C450 /* GenderSelectorViewController.swift in Sources */,
			);
			runOnlyForDeploymentPostprocessing = 0;
		};
/* End PBXSourcesBuildPhase section */

/* Begin PBXVariantGroup section */
		205996BA20F5EBE70017AE9E /* Main.storyboard */ = {
			isa = PBXVariantGroup;
			children = (
				205996BB20F5EBE70017AE9E /* Base */,
			);
			name = Main.storyboard;
			sourceTree = "<group>";
		};
		205996C220F5EBE90017AE9E /* LaunchScreen.storyboard */ = {
			isa = PBXVariantGroup;
			children = (
				205996C320F5EBE90017AE9E /* Base */,
			);
			name = LaunchScreen.storyboard;
			sourceTree = "<group>";
		};
/* End PBXVariantGroup section */

/* Begin XCBuildConfiguration section */
		205996C620F5EBE90017AE9E /* Debug */ = {
			isa = XCBuildConfiguration;
			buildSettings = {
				ALWAYS_SEARCH_USER_PATHS = NO;
				CLANG_ANALYZER_NONNULL = YES;
				CLANG_ANALYZER_NUMBER_OBJECT_CONVERSION = YES_AGGRESSIVE;
				CLANG_CXX_LANGUAGE_STANDARD = "gnu++14";
				CLANG_CXX_LIBRARY = "libc++";
				CLANG_ENABLE_MODULES = YES;
				CLANG_ENABLE_OBJC_ARC = YES;
				CLANG_ENABLE_OBJC_WEAK = YES;
				CLANG_WARN_BLOCK_CAPTURE_AUTORELEASING = YES;
				CLANG_WARN_BOOL_CONVERSION = YES;
				CLANG_WARN_COMMA = YES;
				CLANG_WARN_CONSTANT_CONVERSION = YES;
				CLANG_WARN_DEPRECATED_OBJC_IMPLEMENTATIONS = YES;
				CLANG_WARN_DIRECT_OBJC_ISA_USAGE = YES_ERROR;
				CLANG_WARN_DOCUMENTATION_COMMENTS = YES;
				CLANG_WARN_EMPTY_BODY = YES;
				CLANG_WARN_ENUM_CONVERSION = YES;
				CLANG_WARN_INFINITE_RECURSION = YES;
				CLANG_WARN_INT_CONVERSION = YES;
				CLANG_WARN_NON_LITERAL_NULL_CONVERSION = YES;
				CLANG_WARN_OBJC_IMPLICIT_RETAIN_SELF = YES;
				CLANG_WARN_OBJC_LITERAL_CONVERSION = YES;
				CLANG_WARN_OBJC_ROOT_CLASS = YES_ERROR;
				CLANG_WARN_RANGE_LOOP_ANALYSIS = YES;
				CLANG_WARN_STRICT_PROTOTYPES = YES;
				CLANG_WARN_SUSPICIOUS_MOVE = YES;
				CLANG_WARN_UNGUARDED_AVAILABILITY = YES_AGGRESSIVE;
				CLANG_WARN_UNREACHABLE_CODE = YES;
				CLANG_WARN__DUPLICATE_METHOD_MATCH = YES;
				CODE_SIGN_IDENTITY = "iPhone Developer";
				COPY_PHASE_STRIP = NO;
				DEBUG_INFORMATION_FORMAT = dwarf;
				ENABLE_STRICT_OBJC_MSGSEND = YES;
				ENABLE_TESTABILITY = YES;
				GCC_C_LANGUAGE_STANDARD = gnu11;
				GCC_DYNAMIC_NO_PIC = NO;
				GCC_NO_COMMON_BLOCKS = YES;
				GCC_OPTIMIZATION_LEVEL = 0;
				GCC_PREPROCESSOR_DEFINITIONS = (
					"DEBUG=1",
					"$(inherited)",
				);
				GCC_WARN_64_TO_32_BIT_CONVERSION = YES;
				GCC_WARN_ABOUT_RETURN_TYPE = YES_ERROR;
				GCC_WARN_UNDECLARED_SELECTOR = YES;
				GCC_WARN_UNINITIALIZED_AUTOS = YES_AGGRESSIVE;
				GCC_WARN_UNUSED_FUNCTION = YES;
				GCC_WARN_UNUSED_VARIABLE = YES;
				IPHONEOS_DEPLOYMENT_TARGET = 11.3;
				MTL_ENABLE_DEBUG_INFO = YES;
				ONLY_ACTIVE_ARCH = YES;
				SDKROOT = iphoneos;
				SWIFT_ACTIVE_COMPILATION_CONDITIONS = DEBUG;
				SWIFT_OPTIMIZATION_LEVEL = "-Onone";
			};
			name = Debug;
		};
		205996C720F5EBE90017AE9E /* Release */ = {
			isa = XCBuildConfiguration;
			buildSettings = {
				ALWAYS_SEARCH_USER_PATHS = NO;
				CLANG_ANALYZER_NONNULL = YES;
				CLANG_ANALYZER_NUMBER_OBJECT_CONVERSION = YES_AGGRESSIVE;
				CLANG_CXX_LANGUAGE_STANDARD = "gnu++14";
				CLANG_CXX_LIBRARY = "libc++";
				CLANG_ENABLE_MODULES = YES;
				CLANG_ENABLE_OBJC_ARC = YES;
				CLANG_ENABLE_OBJC_WEAK = YES;
				CLANG_WARN_BLOCK_CAPTURE_AUTORELEASING = YES;
				CLANG_WARN_BOOL_CONVERSION = YES;
				CLANG_WARN_COMMA = YES;
				CLANG_WARN_CONSTANT_CONVERSION = YES;
				CLANG_WARN_DEPRECATED_OBJC_IMPLEMENTATIONS = YES;
				CLANG_WARN_DIRECT_OBJC_ISA_USAGE = YES_ERROR;
				CLANG_WARN_DOCUMENTATION_COMMENTS = YES;
				CLANG_WARN_EMPTY_BODY = YES;
				CLANG_WARN_ENUM_CONVERSION = YES;
				CLANG_WARN_INFINITE_RECURSION = YES;
				CLANG_WARN_INT_CONVERSION = YES;
				CLANG_WARN_NON_LITERAL_NULL_CONVERSION = YES;
				CLANG_WARN_OBJC_IMPLICIT_RETAIN_SELF = YES;
				CLANG_WARN_OBJC_LITERAL_CONVERSION = YES;
				CLANG_WARN_OBJC_ROOT_CLASS = YES_ERROR;
				CLANG_WARN_RANGE_LOOP_ANALYSIS = YES;
				CLANG_WARN_STRICT_PROTOTYPES = YES;
				CLANG_WARN_SUSPICIOUS_MOVE = YES;
				CLANG_WARN_UNGUARDED_AVAILABILITY = YES_AGGRESSIVE;
				CLANG_WARN_UNREACHABLE_CODE = YES;
				CLANG_WARN__DUPLICATE_METHOD_MATCH = YES;
				CODE_SIGN_IDENTITY = "iPhone Developer";
				COPY_PHASE_STRIP = NO;
				DEBUG_INFORMATION_FORMAT = "dwarf-with-dsym";
				ENABLE_NS_ASSERTIONS = NO;
				ENABLE_STRICT_OBJC_MSGSEND = YES;
				GCC_C_LANGUAGE_STANDARD = gnu11;
				GCC_NO_COMMON_BLOCKS = YES;
				GCC_WARN_64_TO_32_BIT_CONVERSION = YES;
				GCC_WARN_ABOUT_RETURN_TYPE = YES_ERROR;
				GCC_WARN_UNDECLARED_SELECTOR = YES;
				GCC_WARN_UNINITIALIZED_AUTOS = YES_AGGRESSIVE;
				GCC_WARN_UNUSED_FUNCTION = YES;
				GCC_WARN_UNUSED_VARIABLE = YES;
				IPHONEOS_DEPLOYMENT_TARGET = 11.3;
				MTL_ENABLE_DEBUG_INFO = NO;
				SDKROOT = iphoneos;
				SWIFT_COMPILATION_MODE = wholemodule;
				SWIFT_OPTIMIZATION_LEVEL = "-O";
				VALIDATE_PRODUCT = YES;
			};
			name = Release;
		};
		205996C920F5EBE90017AE9E /* Debug */ = {
			isa = XCBuildConfiguration;
			baseConfigurationReference = 41DAFF8C603FA530F87EFEF8 /* Pods-BAROSample.debug.xcconfig */;
			buildSettings = {
				ASSETCATALOG_COMPILER_APPICON_NAME = AppIcon;
				ASSETCATALOG_COMPILER_LAUNCHIMAGE_NAME = LaunchImage;
				CODE_SIGN_STYLE = Automatic;
				DEVELOPMENT_TEAM = 67369282ZY;
				INFOPLIST_FILE = BAROSample/Info.plist;
				PRODUCT_BUNDLE_IDENTIFIER = com.buzzvil.BAROSample;
				PRODUCT_NAME = "$(TARGET_NAME)";
				SWIFT_VERSION = 4.0;
				TARGETED_DEVICE_FAMILY = "1,2";
			};
			name = Debug;
		};
		205996CA20F5EBE90017AE9E /* Release */ = {
			isa = XCBuildConfiguration;
			baseConfigurationReference = 07787ADBF40B832A2EC476C3 /* Pods-BAROSample.release.xcconfig */;
			buildSettings = {
				ASSETCATALOG_COMPILER_APPICON_NAME = AppIcon;
				ASSETCATALOG_COMPILER_LAUNCHIMAGE_NAME = LaunchImage;
				CODE_SIGN_STYLE = Automatic;
				DEVELOPMENT_TEAM = 67369282ZY;
				INFOPLIST_FILE = BAROSample/Info.plist;
				PRODUCT_BUNDLE_IDENTIFIER = com.buzzvil.BAROSample;
				PRODUCT_NAME = "$(TARGET_NAME)";
				SWIFT_VERSION = 4.0;
				TARGETED_DEVICE_FAMILY = "1,2";
			};
			name = Release;
		};
/* End XCBuildConfiguration section */

/* Begin XCConfigurationList section */
		205996AE20F5EBE70017AE9E /* Build configuration list for PBXProject "BAROSample" */ = {
			isa = XCConfigurationList;
			buildConfigurations = (
				205996C620F5EBE90017AE9E /* Debug */,
				205996C720F5EBE90017AE9E /* Release */,
			);
			defaultConfigurationIsVisible = 0;
			defaultConfigurationName = Release;
		};
		205996C820F5EBE90017AE9E /* Build configuration list for PBXNativeTarget "BAROSample" */ = {
			isa = XCConfigurationList;
			buildConfigurations = (
				205996C920F5EBE90017AE9E /* Debug */,
				205996CA20F5EBE90017AE9E /* Release */,
			);
			defaultConfigurationIsVisible = 0;
			defaultConfigurationName = Release;
		};
/* End XCConfigurationList section */

/* Begin XCVersionGroup section */
		205996BD20F5EBE70017AE9E /* BuzzNativeSample.xcdatamodeld */ = {
			isa = XCVersionGroup;
			children = (
				205996BE20F5EBE70017AE9E /* BuzzNativeSample.xcdatamodel */,
			);
			currentVersion = 205996BE20F5EBE70017AE9E /* BuzzNativeSample.xcdatamodel */;
			path = BuzzNativeSample.xcdatamodeld;
			sourceTree = "<group>";
			versionGroupType = wrapper.xcdatamodel;
		};
/* End XCVersionGroup section */
	};
	rootObject = 205996AB20F5EBE70017AE9E /* Project object */;
}
